// !$*UTF8*$!
{
	archiveVersion = 1;
	classes = {
	};
	objectVersion = 46;
	objects = {

/* Begin PBXBuildFile section */
		126DF35119748A140027D3AE /* README.md in Sources */ = {isa = PBXBuildFile; fileRef = 126DF35019748A140027D3AE /* README.md */; };
		1283A9AE19742FD400270760 /* AppDelegate.swift in Sources */ = {isa = PBXBuildFile; fileRef = 1283A9AD19742FD400270760 /* AppDelegate.swift */; };
		1283A9B019742FD400270760 /* TimerViewController.swift in Sources */ = {isa = PBXBuildFile; fileRef = 1283A9AF19742FD400270760 /* TimerViewController.swift */; };
		1283A9B219742FD400270760 /* TrendsViewController.swift in Sources */ = {isa = PBXBuildFile; fileRef = 1283A9B119742FD400270760 /* TrendsViewController.swift */; };
		1283A9B519742FD400270760 /* Main.storyboard in Resources */ = {isa = PBXBuildFile; fileRef = 1283A9B319742FD400270760 /* Main.storyboard */; };
		1283A9B719742FD400270760 /* Images.xcassets in Resources */ = {isa = PBXBuildFile; fileRef = 1283A9B619742FD400270760 /* Images.xcassets */; };
		1283A9C319742FD400270760 /* PomodoroTests.swift in Sources */ = {isa = PBXBuildFile; fileRef = 1283A9C219742FD400270760 /* PomodoroTests.swift */; };
/* End PBXBuildFile section */

/* Begin PBXContainerItemProxy section */
		1283A9BD19742FD400270760 /* PBXContainerItemProxy */ = {
			isa = PBXContainerItemProxy;
			containerPortal = 1283A9A019742FD400270760 /* Project object */;
			proxyType = 1;
			remoteGlobalIDString = 1283A9A719742FD400270760;
			remoteInfo = Pomodoro;
		};
/* End PBXContainerItemProxy section */

/* Begin PBXFileReference section */
		126DF35019748A140027D3AE /* README.md */ = {isa = PBXFileReference; fileEncoding = 4; lastKnownFileType = net.daringfireball.markdown; path = README.md; sourceTree = "<group>"; };
		1283A9A819742FD400270760 /* Pomodoro.app */ = {isa = PBXFileReference; explicitFileType = wrapper.application; includeInIndex = 0; path = Pomodoro.app; sourceTree = BUILT_PRODUCTS_DIR; };
		1283A9AC19742FD400270760 /* Info.plist */ = {isa = PBXFileReference; lastKnownFileType = text.plist.xml; path = Info.plist; sourceTree = "<group>"; };
		1283A9AD19742FD400270760 /* AppDelegate.swift */ = {isa = PBXFileReference; lastKnownFileType = sourcecode.swift; path = AppDelegate.swift; sourceTree = "<group>"; };
		1283A9AF19742FD400270760 /* TimerViewController.swift */ = {isa = PBXFileReference; lastKnownFileType = sourcecode.swift; path = TimerViewController.swift; sourceTree = "<group>"; };
		1283A9B119742FD400270760 /* TrendsViewController.swift */ = {isa = PBXFileReference; lastKnownFileType = sourcecode.swift; path = TrendsViewController.swift; sourceTree = "<group>"; };
		1283A9B419742FD400270760 /* Base */ = {isa = PBXFileReference; lastKnownFileType = file.storyboard; name = Base; path = Base.lproj/Main.storyboard; sourceTree = "<group>"; };
		1283A9B619742FD400270760 /* Images.xcassets */ = {isa = PBXFileReference; lastKnownFileType = folder.assetcatalog; path = Images.xcassets; sourceTree = "<group>"; };
		1283A9BC19742FD400270760 /* PomodoroTests.xctest */ = {isa = PBXFileReference; explicitFileType = wrapper.cfbundle; includeInIndex = 0; path = PomodoroTests.xctest; sourceTree = BUILT_PRODUCTS_DIR; };
		1283A9C119742FD400270760 /* Info.plist */ = {isa = PBXFileReference; lastKnownFileType = text.plist.xml; path = Info.plist; sourceTree = "<group>"; };
		1283A9C219742FD400270760 /* PomodoroTests.swift */ = {isa = PBXFileReference; lastKnownFileType = sourcecode.swift; path = PomodoroTests.swift; sourceTree = "<group>"; };
/* End PBXFileReference section */

/* Begin PBXFrameworksBuildPhase section */
		1283A9A519742FD400270760 /* Frameworks */ = {
			isa = PBXFrameworksBuildPhase;
			buildActionMask = 2147483647;
			files = (
			);
			runOnlyForDeploymentPostprocessing = 0;
		};
		1283A9B919742FD400270760 /* Frameworks */ = {
			isa = PBXFrameworksBuildPhase;
			buildActionMask = 2147483647;
			files = (
			);
			runOnlyForDeploymentPostprocessing = 0;
		};
/* End PBXFrameworksBuildPhase section */

/* Begin PBXGroup section */
		1283A99F19742FD400270760 = {
			isa = PBXGroup;
			children = (
				1283A9AA19742FD400270760 /* Pomodoro */,
				1283A9BF19742FD400270760 /* PomodoroTests */,
				1283A9A919742FD400270760 /* Products */,
			);
			sourceTree = "<group>";
		};
		1283A9A919742FD400270760 /* Products */ = {
			isa = PBXGroup;
			children = (
				1283A9A819742FD400270760 /* Pomodoro.app */,
				1283A9BC19742FD400270760 /* PomodoroTests.xctest */,
			);
			name = Products;
			sourceTree = "<group>";
		};
		1283A9AA19742FD400270760 /* Pomodoro */ = {
			isa = PBXGroup;
			children = (
				1283A9AD19742FD400270760 /* AppDelegate.swift */,
				1283A9AF19742FD400270760 /* TimerViewController.swift */,
				1283A9B119742FD400270760 /* TrendsViewController.swift */,
				1283A9B319742FD400270760 /* Main.storyboard */,
				1283A9B619742FD400270760 /* Images.xcassets */,
				1283A9AB19742FD400270760 /* Supporting Files */,
			);
			path = Pomodoro;
			sourceTree = "<group>";
		};
		1283A9AB19742FD400270760 /* Supporting Files */ = {
			isa = PBXGroup;
			children = (
				126DF35019748A140027D3AE /* README.md */,
				1283A9AC19742FD400270760 /* Info.plist */,
			);
			name = "Supporting Files";
			sourceTree = "<group>";
		};
		1283A9BF19742FD400270760 /* PomodoroTests */ = {
			isa = PBXGroup;
			children = (
				1283A9C219742FD400270760 /* PomodoroTests.swift */,
				1283A9C019742FD400270760 /* Supporting Files */,
			);
			path = PomodoroTests;
			sourceTree = "<group>";
		};
		1283A9C019742FD400270760 /* Supporting Files */ = {
			isa = PBXGroup;
			children = (
				1283A9C119742FD400270760 /* Info.plist */,
			);
			name = "Supporting Files";
			sourceTree = "<group>";
		};
/* End PBXGroup section */

/* Begin PBXNativeTarget section */
		1283A9A719742FD400270760 /* Pomodoro */ = {
			isa = PBXNativeTarget;
			buildConfigurationList = 1283A9C619742FD400270760 /* Build configuration list for PBXNativeTarget "Pomodoro" */;
			buildPhases = (
				1283A9A419742FD400270760 /* Sources */,
				1283A9A519742FD400270760 /* Frameworks */,
				1283A9A619742FD400270760 /* Resources */,
			);
			buildRules = (
			);
			dependencies = (
			);
			name = Pomodoro;
			productName = Pomodoro;
			productReference = 1283A9A819742FD400270760 /* Pomodoro.app */;
			productType = "com.apple.product-type.application";
		};
		1283A9BB19742FD400270760 /* PomodoroTests */ = {
			isa = PBXNativeTarget;
			buildConfigurationList = 1283A9C919742FD400270760 /* Build configuration list for PBXNativeTarget "PomodoroTests" */;
			buildPhases = (
				1283A9B819742FD400270760 /* Sources */,
				1283A9B919742FD400270760 /* Frameworks */,
				1283A9BA19742FD400270760 /* Resources */,
			);
			buildRules = (
			);
			dependencies = (
				1283A9BE19742FD400270760 /* PBXTargetDependency */,
			);
			name = PomodoroTests;
			productName = PomodoroTests;
			productReference = 1283A9BC19742FD400270760 /* PomodoroTests.xctest */;
			productType = "com.apple.product-type.bundle.unit-test";
		};
/* End PBXNativeTarget section */

/* Begin PBXProject section */
		1283A9A019742FD400270760 /* Project object */ = {
			isa = PBXProject;
			attributes = {
				LastUpgradeCheck = 0600;
				ORGANIZATIONNAME = "Brad Hammond";
				TargetAttributes = {
					1283A9A719742FD400270760 = {
						CreatedOnToolsVersion = 6.0;
					};
					1283A9BB19742FD400270760 = {
						CreatedOnToolsVersion = 6.0;
						TestTargetID = 1283A9A719742FD400270760;
					};
				};
			};
			buildConfigurationList = 1283A9A319742FD400270760 /* Build configuration list for PBXProject "Pomodoro" */;
			compatibilityVersion = "Xcode 3.2";
			developmentRegion = English;
			hasScannedForEncodings = 0;
			knownRegions = (
				en,
				Base,
			);
			mainGroup = 1283A99F19742FD400270760;
			productRefGroup = 1283A9A919742FD400270760 /* Products */;
			projectDirPath = "";
			projectRoot = "";
			targets = (
				1283A9A719742FD400270760 /* Pomodoro */,
				1283A9BB19742FD400270760 /* PomodoroTests */,
			);
		};
/* End PBXProject section */

/* Begin PBXResourcesBuildPhase section */
		1283A9A619742FD400270760 /* Resources */ = {
			isa = PBXResourcesBuildPhase;
			buildActionMask = 2147483647;
			files = (
				1283A9B519742FD400270760 /* Main.storyboard in Resources */,
				1283A9B719742FD400270760 /* Images.xcassets in Resources */,
			);
			runOnlyForDeploymentPostprocessing = 0;
		};
		1283A9BA19742FD400270760 /* Resources */ = {
			isa = PBXResourcesBuildPhase;
			buildActionMask = 2147483647;
			files = (
			);
			runOnlyForDeploymentPostprocessing = 0;
		};
/* End PBXResourcesBuildPhase section */

/* Begin PBXSourcesBuildPhase section */
		1283A9A419742FD400270760 /* Sources */ = {
			isa = PBXSourcesBuildPhase;
			buildActionMask = 2147483647;
			files = (
				1283A9B219742FD400270760 /* TrendsViewController.swift in Sources */,
				1283A9AE19742FD400270760 /* AppDelegate.swift in Sources */,
				126DF35119748A140027D3AE /* README.md in Sources */,
				1283A9B019742FD400270760 /* TimerViewController.swift in Sources */,
			);
			runOnlyForDeploymentPostprocessing = 0;
		};
		1283A9B819742FD400270760 /* Sources */ = {
			isa = PBXSourcesBuildPhase;
			buildActionMask = 2147483647;
			files = (
				1283A9C319742FD400270760 /* PomodoroTests.swift in Sources */,
			);
			runOnlyForDeploymentPostprocessing = 0;
		};
/* End PBXSourcesBuildPhase section */

/* Begin PBXTargetDependency section */
		1283A9BE19742FD400270760 /* PBXTargetDependency */ = {
			isa = PBXTargetDependency;
			target = 1283A9A719742FD400270760 /* Pomodoro */;
			targetProxy = 1283A9BD19742FD400270760 /* PBXContainerItemProxy */;
		};
/* End PBXTargetDependency section */

/* Begin PBXVariantGroup section */
		1283A9B319742FD400270760 /* Main.storyboard */ = {
			isa = PBXVariantGroup;
			children = (
				1283A9B419742FD400270760 /* Base */,
			);
			name = Main.storyboard;
			sourceTree = "<group>";
		};
/* End PBXVariantGroup section */

/* Begin XCBuildConfiguration section */
		1283A9C419742FD400270760 /* Debug */ = {
			isa = XCBuildConfiguration;
			buildSettings = {
				ALWAYS_SEARCH_USER_PATHS = NO;
				CLANG_CXX_LANGUAGE_STANDARD = "gnu++0x";
				CLANG_CXX_LIBRARY = "libc++";
				CLANG_ENABLE_MODULES = YES;
				CLANG_ENABLE_OBJC_ARC = YES;
				CLANG_WARN_BOOL_CONVERSION = YES;
				CLANG_WARN_CONSTANT_CONVERSION = YES;
				CLANG_WARN_DIRECT_OBJC_ISA_USAGE = YES_ERROR;
				CLANG_WARN_EMPTY_BODY = YES;
				CLANG_WARN_ENUM_CONVERSION = YES;
				CLANG_WARN_INT_CONVERSION = YES;
				CLANG_WARN_OBJC_ROOT_CLASS = YES_ERROR;
				CLANG_WARN_UNREACHABLE_CODE = YES;
				CLANG_WARN__DUPLICATE_METHOD_MATCH = YES;
				"CODE_SIGN_IDENTITY[sdk=iphoneos*]" = "iPhone Developer";
				COPY_PHASE_STRIP = NO;
				ENABLE_STRICT_OBJC_MSGSEND = YES;
				GCC_C_LANGUAGE_STANDARD = gnu99;
				GCC_DYNAMIC_NO_PIC = NO;
				GCC_OPTIMIZATION_LEVEL = 0;
				GCC_PREPROCESSOR_DEFINITIONS = (
					"DEBUG=1",
					"$(inherited)",
				);
				GCC_SYMBOLS_PRIVATE_EXTERN = NO;
				GCC_WARN_64_TO_32_BIT_CONVERSION = YES;
				GCC_WARN_ABOUT_RETURN_TYPE = YES_ERROR;
				GCC_WARN_UNDECLARED_SELECTOR = YES;
				GCC_WARN_UNINITIALIZED_AUTOS = YES_AGGRESSIVE;
				GCC_WARN_UNUSED_FUNCTION = YES;
				GCC_WARN_UNUSED_VARIABLE = YES;
				IPHONEOS_DEPLOYMENT_TARGET = 8.0;
				MTL_ENABLE_DEBUG_INFO = YES;
				ONLY_ACTIVE_ARCH = YES;
				SDKROOT = iphoneos;
				SWIFT_OPTIMIZATION_LEVEL = "-Onone";
			};
			name = Debug;
		};
		1283A9C519742FD400270760 /* Release */ = {
			isa = XCBuildConfiguration;
			buildSettings = {
				ALWAYS_SEARCH_USER_PATHS = NO;
				CLANG_CXX_LANGUAGE_STANDARD = "gnu++0x";
				CLANG_CXX_LIBRARY = "libc++";
				CLANG_ENABLE_MODULES = YES;
				CLANG_ENABLE_OBJC_ARC = YES;
				CLANG_WARN_BOOL_CONVERSION = YES;
				CLANG_WARN_CONSTANT_CONVERSION = YES;
				CLANG_WARN_DIRECT_OBJC_ISA_USAGE = YES_ERROR;
				CLANG_WARN_EMPTY_BODY = YES;
				CLANG_WARN_ENUM_CONVERSION = YES;
				CLANG_WARN_INT_CONVERSION = YES;
				CLANG_WARN_OBJC_ROOT_CLASS = YES_ERROR;
				CLANG_WARN_UNREACHABLE_CODE = YES;
				CLANG_WARN__DUPLICATE_METHOD_MATCH = YES;
				"CODE_SIGN_IDENTITY[sdk=iphoneos*]" = "iPhone Developer";
				COPY_PHASE_STRIP = YES;
				ENABLE_NS_ASSERTIONS = NO;
				ENABLE_STRICT_OBJC_MSGSEND = YES;
				GCC_C_LANGUAGE_STANDARD = gnu99;
				GCC_WARN_64_TO_32_BIT_CONVERSION = YES;
				GCC_WARN_ABOUT_RETURN_TYPE = YES_ERROR;
				GCC_WARN_UNDECLARED_SELECTOR = YES;
				GCC_WARN_UNINITIALIZED_AUTOS = YES_AGGRESSIVE;
				GCC_WARN_UNUSED_FUNCTION = YES;
				GCC_WARN_UNUSED_VARIABLE = YES;
				IPHONEOS_DEPLOYMENT_TARGET = 8.0;
				MTL_ENABLE_DEBUG_INFO = NO;
				SDKROOT = iphoneos;
				VALIDATE_PRODUCT = YES;
			};
			name = Release;
		};
		1283A9C719742FD400270760 /* Debug */ = {
			isa = XCBuildConfiguration;
			buildSettings = {
				ASSETCATALOG_COMPILER_APPICON_NAME = AppIcon;
				ASSETCATALOG_COMPILER_LAUNCHIMAGE_NAME = LaunchImage;
				INFOPLIST_FILE = Pomodoro/Info.plist;
				LD_RUNPATH_SEARCH_PATHS = "$(inherited) @executable_path/Frameworks";
				PRODUCT_NAME = "$(TARGET_NAME)";
			};
			name = Debug;
		};
		1283A9C819742FD400270760 /* Release */ = {
			isa = XCBuildConfiguration;
			buildSettings = {
				ASSETCATALOG_COMPILER_APPICON_NAME = AppIcon;
				ASSETCATALOG_COMPILER_LAUNCHIMAGE_NAME = LaunchImage;
				INFOPLIST_FILE = Pomodoro/Info.plist;
				LD_RUNPATH_SEARCH_PATHS = "$(inherited) @executable_path/Frameworks";
				PRODUCT_NAME = "$(TARGET_NAME)";
			};
			name = Release;
		};
		1283A9CA19742FD400270760 /* Debug */ = {
			isa = XCBuildConfiguration;
			buildSettings = {
				BUNDLE_LOADER = "$(BUILT_PRODUCTS_DIR)/Pomodoro.app/Pomodoro";
				FRAMEWORK_SEARCH_PATHS = (
					"$(SDKROOT)/Developer/Library/Frameworks",
					"$(inherited)",
				);
				GCC_PREPROCESSOR_DEFINITIONS = (
					"DEBUG=1",
					"$(inherited)",
				);
				INFOPLIST_FILE = PomodoroTests/Info.plist;
				LD_RUNPATH_SEARCH_PATHS = "$(inherited) @executable_path/Frameworks @loader_path/Frameworks";
				PRODUCT_NAME = "$(TARGET_NAME)";
				TEST_HOST = "$(BUNDLE_LOADER)";
			};
			name = Debug;
		};
		1283A9CB19742FD400270760 /* Release */ = {
			isa = XCBuildConfiguration;
			buildSettings = {
				BUNDLE_LOADER = "$(BUILT_PRODUCTS_DIR)/Pomodoro.app/Pomodoro";
				FRAMEWORK_SEARCH_PATHS = (
					"$(SDKROOT)/Developer/Library/Frameworks",
					"$(inherited)",
				);
				INFOPLIST_FILE = PomodoroTests/Info.plist;
				LD_RUNPATH_SEARCH_PATHS = "$(inherited) @executable_path/Frameworks @loader_path/Frameworks";
				PRODUCT_NAME = "$(TARGET_NAME)";
				TEST_HOST = "$(BUNDLE_LOADER)";
			};
			name = Release;
		};
/* End XCBuildConfiguration section */

/* Begin XCConfigurationList section */
		1283A9A319742FD400270760 /* Build configuration list for PBXProject "Pomodoro" */ = {
			isa = XCConfigurationList;
			buildConfigurations = (
				1283A9C419742FD400270760 /* Debug */,
				1283A9C519742FD400270760 /* Release */,
			);
			defaultConfigurationIsVisible = 0;
			defaultConfigurationName = Release;
		};
		1283A9C619742FD400270760 /* Build configuration list for PBXNativeTarget "Pomodoro" */ = {
			isa = XCConfigurationList;
			buildConfigurations = (
				1283A9C719742FD400270760 /* Debug */,
				1283A9C819742FD400270760 /* Release */,
			);
			defaultConfigurationIsVisible = 0;
			defaultConfigurationName = Release;
		};
		1283A9C919742FD400270760 /* Build configuration list for PBXNativeTarget "PomodoroTests" */ = {
			isa = XCConfigurationList;
			buildConfigurations = (
				1283A9CA19742FD400270760 /* Debug */,
				1283A9CB19742FD400270760 /* Release */,
			);
			defaultConfigurationIsVisible = 0;
			defaultConfigurationName = Release;
		};
/* End XCConfigurationList section */
	};
	rootObject = 1283A9A019742FD400270760 /* Project object */;
}
